
Microsoft Visual Studio Solution File, Format Version 12.00
# Visual Studio Express 15 for Windows Desktop
VisualStudioVersion = 15.0.27130.2036
MinimumVisualStudioVersion = 10.0.40219.1
Project("{8BC9CEB8-8B4A-11D0-8D11-00A0C91BC942}") = "sparc", "sparc.vcxproj", "{6C432352-B81E-49DE-86BE-8DE072E07B44}"
EndProject
Global
	GlobalSection(SolutionConfigurationPlatforms) = preSolution
		Debug|x64 = Debug|x64
		Debug|x86 = Debug|x86
		Release|x64 = Release|x64
		Release|x86 = Release|x86
	EndGlobalSection
	GlobalSection(ProjectConfigurationPlatforms) = postSolution
		{6C432352-B81E-49DE-86BE-8DE072E07B44}.Debug|x64.ActiveCfg = Debug|x64
		{6C432352-B81E-49DE-86BE-8DE072E07B44}.Debug|x64.Build.0 = Debug|x64
		{6C432352-B81E-49DE-86BE-8DE072E07B44}.Debug|x86.ActiveCfg = Debug|Win32
		{6C432352-B81E-49DE-86BE-8DE072E07B44}.Debug|x86.Build.0 = Debug|Win32
		{6C432352-B81E-49DE-86BE-8DE072E07B44}.Release|x64.ActiveCfg = Release|x64
		{6C432352-B81E-49DE-86BE-8DE072E07B44}.Release|x64.Build.0 = Release|x64
		{6C432352-B81E-49DE-86BE-8DE072E07B44}.Release|x86.ActiveCfg = Release|Win32
		{6C432352-B81E-49DE-86BE-8DE072E07B44}.Release|x86.Build.0 = Release|Win32
	EndGlobalSection
	GlobalSection(SolutionProperties) = preSolution
		HideSolutionNode = FALSE
	EndGlobalSection
	GlobalSection(ExtensibilityGlobals) = postSolution
		SolutionGuid = {7A37DC2E-3DDA-414E-B824-EF5492DCA185}
	EndGlobalSection
EndGlobal
